
Microsoft Visual Studio Solution File, Format Version 12.00
# Visual Studio Version 16
VisualStudioVersion = 16.0.31702.278
MinimumVisualStudioVersion = 10.0.40219.1
Project("{FAE04EC0-301F-11D3-BF4B-00C04F79EFBC}") = "UçakBiletiForm", "UçakBiletiForm.csproj", "{C1157FCF-728A-42C0-AAE2-734F7BFC6B93}"
EndProject
Global
	GlobalSection(SolutionConfigurationPlatforms) = preSolution
		Debug|Any CPU = Debug|Any CPU
		Release|Any CPU = Release|Any CPU
	EndGlobalSection
	GlobalSection(ProjectConfigurationPlatforms) = postSolution
		{C1157FCF-728A-42C0-AAE2-734F7BFC6B93}.Debug|Any CPU.ActiveCfg = Debug|Any CPU
		{C1157FCF-728A-42C0-AAE2-734F7BFC6B93}.Debug|Any CPU.Build.0 = Debug|Any CPU
		{C1157FCF-728A-42C0-AAE2-734F7BFC6B93}.Release|Any CPU.ActiveCfg = Release|Any CPU
		{C1157FCF-728A-42C0-AAE2-734F7BFC6B93}.Release|Any CPU.Build.0 = Release|Any CPU
	EndGlobalSection
	GlobalSection(SolutionProperties) = preSolution
		HideSolutionNode = FALSE
	EndGlobalSection
	GlobalSection(ExtensibilityGlobals) = postSolution
		SolutionGuid = {CB6EBB24-E63C-4400-B1D1-38578EA5A256}
	EndGlobalSection
EndGlobal
